// !$*UTF8*$!
{
	archiveVersion = 1;
	classes = {
	};
	objectVersion = 77;
	objects = {

/* Begin PBXBuildFile section */
		EFBE00C12D9BADAC00F41BC0 /* ContentView.swift in Sources */ = {isa = PBXBuildFile; fileRef = EFBE00BE2D9BADAC00F41BC0 /* ContentView.swift */; };
		EFBE00C22D9BADAC00F41BC0 /* NearMeApp.swift in Sources */ = {isa = PBXBuildFile; fileRef = EFBE00BF2D9BADAC00F41BC0 /* NearMeApp.swift */; };
		EFBE00C32D9BADAC00F41BC0 /* Preview Assets.xcassets in Resources */ = {isa = PBXBuildFile; fileRef = EFBE00BB2D9BADAC00F41BC0 /* Preview Assets.xcassets */; };
		EFBE00C42D9BADAC00F41BC0 /* Assets.xcassets in Resources */ = {isa = PBXBuildFile; fileRef = EFBE00BD2D9BADAC00F41BC0 /* Assets.xcassets */; };
		EFBE00C72D9BB17600F41BC0 /* LocationManager.swift in Sources */ = {isa = PBXBuildFile; fileRef = EFBE00C62D9BB17600F41BC0 /* LocationManager.swift */; };
		EFBE00CA2D9BB85B00F41BC0 /* MKCoordinateRegion+Ext.swift in Sources */ = {isa = PBXBuildFile; fileRef = EFBE00C92D9BB85B00F41BC0 /* MKCoordinateRegion+Ext.swift */; };
		EFBE00CD2D9BBA2000F41BC0 /* MapUtilities.swift in Sources */ = {isa = PBXBuildFile; fileRef = EFBE00CC2D9BBA2000F41BC0 /* MapUtilities.swift */; };
		EFBE00D02D9BC36300F41BC0 /* PlaceView.swift in Sources */ = {isa = PBXBuildFile; fileRef = EFBE00CF2D9BC36300F41BC0 /* PlaceView.swift */; };
		EFBE00D22D9BC65F00F41BC0 /* PreviewData.swift in Sources */ = {isa = PBXBuildFile; fileRef = EFBE00D12D9BC65F00F41BC0 /* PreviewData.swift */; };
		EFBE00D42D9BC84500F41BC0 /* SearchOptionsView.swift in Sources */ = {isa = PBXBuildFile; fileRef = EFBE00D32D9BC84500F41BC0 /* SearchOptionsView.swift */; };
		EFBE00D62D9BCB5E00F41BC0 /* SearchBarView.swift in Sources */ = {isa = PBXBuildFile; fileRef = EFBE00D52D9BCB5E00F41BC0 /* SearchBarView.swift */; };
		EFBE00D82D9BCD0900F41BC0 /* PlaceListView.swift in Sources */ = {isa = PBXBuildFile; fileRef = EFBE00D72D9BCD0900F41BC0 /* PlaceListView.swift */; };
		EFBE00DA2D9BD22000F41BC0 /* MeasurementFormatter+Ext.swift in Sources */ = {isa = PBXBuildFile; fileRef = EFBE00D92D9BD22000F41BC0 /* MeasurementFormatter+Ext.swift */; };
		EFBE00DC2D9BD68400F41BC0 /* SelectedPlaceDetailView.swift in Sources */ = {isa = PBXBuildFile; fileRef = EFBE00DB2D9BD68400F41BC0 /* SelectedPlaceDetailView.swift */; };
/* End PBXBuildFile section */

/* Begin PBXFileReference section */
		EFBE00AA2D9BADA400F41BC0 /* NearMe.app */ = {isa = PBXFileReference; explicitFileType = wrapper.application; includeInIndex = 0; path = NearMe.app; sourceTree = BUILT_PRODUCTS_DIR; };
		EFBE00BB2D9BADAC00F41BC0 /* Preview Assets.xcassets */ = {isa = PBXFileReference; lastKnownFileType = folder.assetcatalog; path = "Preview Assets.xcassets"; sourceTree = "<group>"; };
		EFBE00BD2D9BADAC00F41BC0 /* Assets.xcassets */ = {isa = PBXFileReference; lastKnownFileType = folder.assetcatalog; path = Assets.xcassets; sourceTree = "<group>"; };
		EFBE00BE2D9BADAC00F41BC0 /* ContentView.swift */ = {isa = PBXFileReference; lastKnownFileType = sourcecode.swift; path = ContentView.swift; sourceTree = "<group>"; };
		EFBE00BF2D9BADAC00F41BC0 /* NearMeApp.swift */ = {isa = PBXFileReference; lastKnownFileType = sourcecode.swift; path = NearMeApp.swift; sourceTree = "<group>"; };
		EFBE00C62D9BB17600F41BC0 /* LocationManager.swift */ = {isa = PBXFileReference; lastKnownFileType = sourcecode.swift; path = LocationManager.swift; sourceTree = "<group>"; };
		EFBE00C92D9BB85B00F41BC0 /* MKCoordinateRegion+Ext.swift */ = {isa = PBXFileReference; lastKnownFileType = sourcecode.swift; path = "MKCoordinateRegion+Ext.swift"; sourceTree = "<group>"; };
		EFBE00CC2D9BBA2000F41BC0 /* MapUtilities.swift */ = {isa = PBXFileReference; lastKnownFileType = sourcecode.swift; path = MapUtilities.swift; sourceTree = "<group>"; };
		EFBE00CF2D9BC36300F41BC0 /* PlaceView.swift */ = {isa = PBXFileReference; lastKnownFileType = sourcecode.swift; path = PlaceView.swift; sourceTree = "<group>"; };
		EFBE00D12D9BC65F00F41BC0 /* PreviewData.swift */ = {isa = PBXFileReference; lastKnownFileType = sourcecode.swift; path = PreviewData.swift; sourceTree = "<group>"; };
		EFBE00D32D9BC84500F41BC0 /* SearchOptionsView.swift */ = {isa = PBXFileReference; lastKnownFileType = sourcecode.swift; path = SearchOptionsView.swift; sourceTree = "<group>"; };
		EFBE00D52D9BCB5E00F41BC0 /* SearchBarView.swift */ = {isa = PBXFileReference; lastKnownFileType = sourcecode.swift; path = SearchBarView.swift; sourceTree = "<group>"; };
		EFBE00D72D9BCD0900F41BC0 /* PlaceListView.swift */ = {isa = PBXFileReference; lastKnownFileType = sourcecode.swift; path = PlaceListView.swift; sourceTree = "<group>"; };
		EFBE00D92D9BD22000F41BC0 /* MeasurementFormatter+Ext.swift */ = {isa = PBXFileReference; lastKnownFileType = sourcecode.swift; path = "MeasurementFormatter+Ext.swift"; sourceTree = "<group>"; };
		EFBE00DB2D9BD68400F41BC0 /* SelectedPlaceDetailView.swift */ = {isa = PBXFileReference; lastKnownFileType = sourcecode.swift; path = SelectedPlaceDetailView.swift; sourceTree = "<group>"; };
/* End PBXFileReference section */

/* Begin PBXFrameworksBuildPhase section */
		EFBE00A72D9BADA400F41BC0 /* Frameworks */ = {
			isa = PBXFrameworksBuildPhase;
			buildActionMask = 2147483647;
			files = (
			);
			runOnlyForDeploymentPostprocessing = 0;
		};
/* End PBXFrameworksBuildPhase section */

/* Begin PBXGroup section */
		EFBE00A12D9BADA400F41BC0 = {
			isa = PBXGroup;
			children = (
				EFBE00C02D9BADAC00F41BC0 /* NearMe */,
				EFBE00AB2D9BADA400F41BC0 /* Products */,
			);
			sourceTree = "<group>";
		};
		EFBE00AB2D9BADA400F41BC0 /* Products */ = {
			isa = PBXGroup;
			children = (
				EFBE00AA2D9BADA400F41BC0 /* NearMe.app */,
			);
			name = Products;
			sourceTree = "<group>";
		};
		EFBE00BC2D9BADAC00F41BC0 /* Preview Content */ = {
			isa = PBXGroup;
			children = (
				EFBE00BB2D9BADAC00F41BC0 /* Preview Assets.xcassets */,
				EFBE00D12D9BC65F00F41BC0 /* PreviewData.swift */,
			);
			path = "Preview Content";
			sourceTree = "<group>";
		};
		EFBE00C02D9BADAC00F41BC0 /* NearMe */ = {
			isa = PBXGroup;
			children = (
				EFBE00CE2D9BC35100F41BC0 /* View */,
				EFBE00CB2D9BBA0400F41BC0 /* Utils */,
				EFBE00C82D9BB83E00F41BC0 /* Extension */,
				EFBE00C52D9BB16300F41BC0 /* Manager */,
				EFBE00BE2D9BADAC00F41BC0 /* ContentView.swift */,
				EFBE00BF2D9BADAC00F41BC0 /* NearMeApp.swift */,
				EFBE00BD2D9BADAC00F41BC0 /* Assets.xcassets */,
				EFBE00BC2D9BADAC00F41BC0 /* Preview Content */,
			);
			path = NearMe;
			sourceTree = "<group>";
		};
		EFBE00C52D9BB16300F41BC0 /* Manager */ = {
			isa = PBXGroup;
			children = (
				EFBE00C62D9BB17600F41BC0 /* LocationManager.swift */,
			);
			path = Manager;
			sourceTree = "<group>";
		};
		EFBE00C82D9BB83E00F41BC0 /* Extension */ = {
			isa = PBXGroup;
			children = (
				EFBE00C92D9BB85B00F41BC0 /* MKCoordinateRegion+Ext.swift */,
				EFBE00D92D9BD22000F41BC0 /* MeasurementFormatter+Ext.swift */,
			);
			path = Extension;
			sourceTree = "<group>";
		};
		EFBE00CB2D9BBA0400F41BC0 /* Utils */ = {
			isa = PBXGroup;
			children = (
				EFBE00CC2D9BBA2000F41BC0 /* MapUtilities.swift */,
			);
			path = Utils;
			sourceTree = "<group>";
		};
		EFBE00CE2D9BC35100F41BC0 /* View */ = {
			isa = PBXGroup;
			children = (
				EFBE00CF2D9BC36300F41BC0 /* PlaceView.swift */,
				EFBE00D32D9BC84500F41BC0 /* SearchOptionsView.swift */,
				EFBE00D52D9BCB5E00F41BC0 /* SearchBarView.swift */,
				EFBE00D72D9BCD0900F41BC0 /* PlaceListView.swift */,
				EFBE00DB2D9BD68400F41BC0 /* SelectedPlaceDetailView.swift */,
			);
			path = View;
			sourceTree = "<group>";
		};
/* End PBXGroup section */

/* Begin PBXNativeTarget section */
		EFBE00A92D9BADA400F41BC0 /* NearMe */ = {
			isa = PBXNativeTarget;
			buildConfigurationList = EFBE00B82D9BADA500F41BC0 /* Build configuration list for PBXNativeTarget "NearMe" */;
			buildPhases = (
				EFBE00A62D9BADA400F41BC0 /* Sources */,
				EFBE00A72D9BADA400F41BC0 /* Frameworks */,
				EFBE00A82D9BADA400F41BC0 /* Resources */,
			);
			buildRules = (
			);
			dependencies = (
			);
			name = NearMe;
			packageProductDependencies = (
			);
			productName = NearMe;
			productReference = EFBE00AA2D9BADA400F41BC0 /* NearMe.app */;
			productType = "com.apple.product-type.application";
		};
/* End PBXNativeTarget section */

/* Begin PBXProject section */
		EFBE00A22D9BADA400F41BC0 /* Project object */ = {
			isa = PBXProject;
			attributes = {
				BuildIndependentTargetsInParallel = 1;
				LastSwiftUpdateCheck = 1620;
				LastUpgradeCheck = 1620;
				TargetAttributes = {
					EFBE00A92D9BADA400F41BC0 = {
						CreatedOnToolsVersion = 16.2;
					};
				};
			};
			buildConfigurationList = EFBE00A52D9BADA400F41BC0 /* Build configuration list for PBXProject "NearMe" */;
			developmentRegion = en;
			hasScannedForEncodings = 0;
			knownRegions = (
				en,
				Base,
			);
			mainGroup = EFBE00A12D9BADA400F41BC0;
			minimizedProjectReferenceProxies = 1;
			preferredProjectObjectVersion = 77;
			productRefGroup = EFBE00AB2D9BADA400F41BC0 /* Products */;
			projectDirPath = "";
			projectRoot = "";
			targets = (
				EFBE00A92D9BADA400F41BC0 /* NearMe */,
			);
		};
/* End PBXProject section */

/* Begin PBXResourcesBuildPhase section */
		EFBE00A82D9BADA400F41BC0 /* Resources */ = {
			isa = PBXResourcesBuildPhase;
			buildActionMask = 2147483647;
			files = (
				EFBE00C32D9BADAC00F41BC0 /* Preview Assets.xcassets in Resources */,
				EFBE00C42D9BADAC00F41BC0 /* Assets.xcassets in Resources */,
			);
			runOnlyForDeploymentPostprocessing = 0;
		};
/* End PBXResourcesBuildPhase section */

/* Begin PBXSourcesBuildPhase section */
		EFBE00A62D9BADA400F41BC0 /* Sources */ = {
			isa = PBXSourcesBuildPhase;
			buildActionMask = 2147483647;
			files = (
				EFBE00D02D9BC36300F41BC0 /* PlaceView.swift in Sources */,
				EFBE00D62D9BCB5E00F41BC0 /* SearchBarView.swift in Sources */,
				EFBE00D82D9BCD0900F41BC0 /* PlaceListView.swift in Sources */,
				EFBE00C12D9BADAC00F41BC0 /* ContentView.swift in Sources */,
				EFBE00DC2D9BD68400F41BC0 /* SelectedPlaceDetailView.swift in Sources */,
				EFBE00C22D9BADAC00F41BC0 /* NearMeApp.swift in Sources */,
				EFBE00DA2D9BD22000F41BC0 /* MeasurementFormatter+Ext.swift in Sources */,
				EFBE00C72D9BB17600F41BC0 /* LocationManager.swift in Sources */,
				EFBE00D22D9BC65F00F41BC0 /* PreviewData.swift in Sources */,
				EFBE00CD2D9BBA2000F41BC0 /* MapUtilities.swift in Sources */,
				EFBE00CA2D9BB85B00F41BC0 /* MKCoordinateRegion+Ext.swift in Sources */,
				EFBE00D42D9BC84500F41BC0 /* SearchOptionsView.swift in Sources */,
			);
			runOnlyForDeploymentPostprocessing = 0;
		};
/* End PBXSourcesBuildPhase section */

/* Begin XCBuildConfiguration section */
		EFBE00B62D9BADA500F41BC0 /* Debug */ = {
			isa = XCBuildConfiguration;
			buildSettings = {
				ALWAYS_SEARCH_USER_PATHS = NO;
				ASSETCATALOG_COMPILER_GENERATE_SWIFT_ASSET_SYMBOL_EXTENSIONS = YES;
				CLANG_ANALYZER_NONNULL = YES;
				CLANG_ANALYZER_NUMBER_OBJECT_CONVERSION = YES_AGGRESSIVE;
				CLANG_CXX_LANGUAGE_STANDARD = "gnu++20";
				CLANG_ENABLE_MODULES = YES;
				CLANG_ENABLE_OBJC_ARC = YES;
				CLANG_ENABLE_OBJC_WEAK = YES;
				CLANG_WARN_BLOCK_CAPTURE_AUTORELEASING = YES;
				CLANG_WARN_BOOL_CONVERSION = YES;
				CLANG_WARN_COMMA = YES;
				CLANG_WARN_CONSTANT_CONVERSION = YES;
				CLANG_WARN_DEPRECATED_OBJC_IMPLEMENTATIONS = YES;
				CLANG_WARN_DIRECT_OBJC_ISA_USAGE = YES_ERROR;
				CLANG_WARN_DOCUMENTATION_COMMENTS = YES;
				CLANG_WARN_EMPTY_BODY = YES;
				CLANG_WARN_ENUM_CONVERSION = YES;
				CLANG_WARN_INFINITE_RECURSION = YES;
				CLANG_WARN_INT_CONVERSION = YES;
				CLANG_WARN_NON_LITERAL_NULL_CONVERSION = YES;
				CLANG_WARN_OBJC_IMPLICIT_RETAIN_SELF = YES;
				CLANG_WARN_OBJC_LITERAL_CONVERSION = YES;
				CLANG_WARN_OBJC_ROOT_CLASS = YES_ERROR;
				CLANG_WARN_QUOTED_INCLUDE_IN_FRAMEWORK_HEADER = YES;
				CLANG_WARN_RANGE_LOOP_ANALYSIS = YES;
				CLANG_WARN_STRICT_PROTOTYPES = YES;
				CLANG_WARN_SUSPICIOUS_MOVE = YES;
				CLANG_WARN_UNGUARDED_AVAILABILITY = YES_AGGRESSIVE;
				CLANG_WARN_UNREACHABLE_CODE = YES;
				CLANG_WARN__DUPLICATE_METHOD_MATCH = YES;
				COPY_PHASE_STRIP = NO;
				DEBUG_INFORMATION_FORMAT = dwarf;
				ENABLE_STRICT_OBJC_MSGSEND = YES;
				ENABLE_TESTABILITY = YES;
				ENABLE_USER_SCRIPT_SANDBOXING = YES;
				GCC_C_LANGUAGE_STANDARD = gnu17;
				GCC_DYNAMIC_NO_PIC = NO;
				GCC_NO_COMMON_BLOCKS = YES;
				GCC_OPTIMIZATION_LEVEL = 0;
				GCC_PREPROCESSOR_DEFINITIONS = (
					"DEBUG=1",
					"$(inherited)",
				);
				GCC_WARN_64_TO_32_BIT_CONVERSION = YES;
				GCC_WARN_ABOUT_RETURN_TYPE = YES_ERROR;
				GCC_WARN_UNDECLARED_SELECTOR = YES;
				GCC_WARN_UNINITIALIZED_AUTOS = YES_AGGRESSIVE;
				GCC_WARN_UNUSED_FUNCTION = YES;
				GCC_WARN_UNUSED_VARIABLE = YES;
				IPHONEOS_DEPLOYMENT_TARGET = 18.2;
				LOCALIZATION_PREFERS_STRING_CATALOGS = YES;
				MTL_ENABLE_DEBUG_INFO = INCLUDE_SOURCE;
				MTL_FAST_MATH = YES;
				ONLY_ACTIVE_ARCH = YES;
				SDKROOT = iphoneos;
				SWIFT_ACTIVE_COMPILATION_CONDITIONS = "DEBUG $(inherited)";
				SWIFT_OPTIMIZATION_LEVEL = "-Onone";
			};
			name = Debug;
		};
		EFBE00B72D9BADA500F41BC0 /* Release */ = {
			isa = XCBuildConfiguration;
			buildSettings = {
				ALWAYS_SEARCH_USER_PATHS = NO;
				ASSETCATALOG_COMPILER_GENERATE_SWIFT_ASSET_SYMBOL_EXTENSIONS = YES;
				CLANG_ANALYZER_NONNULL = YES;
				CLANG_ANALYZER_NUMBER_OBJECT_CONVERSION = YES_AGGRESSIVE;
				CLANG_CXX_LANGUAGE_STANDARD = "gnu++20";
				CLANG_ENABLE_MODULES = YES;
				CLANG_ENABLE_OBJC_ARC = YES;
				CLANG_ENABLE_OBJC_WEAK = YES;
				CLANG_WARN_BLOCK_CAPTURE_AUTORELEASING = YES;
				CLANG_WARN_BOOL_CONVERSION = YES;
				CLANG_WARN_COMMA = YES;
				CLANG_WARN_CONSTANT_CONVERSION = YES;
				CLANG_WARN_DEPRECATED_OBJC_IMPLEMENTATIONS = YES;
				CLANG_WARN_DIRECT_OBJC_ISA_USAGE = YES_ERROR;
				CLANG_WARN_DOCUMENTATION_COMMENTS = YES;
				CLANG_WARN_EMPTY_BODY = YES;
				CLANG_WARN_ENUM_CONVERSION = YES;
				CLANG_WARN_INFINITE_RECURSION = YES;
				CLANG_WARN_INT_CONVERSION = YES;
				CLANG_WARN_NON_LITERAL_NULL_CONVERSION = YES;
				CLANG_WARN_OBJC_IMPLICIT_RETAIN_SELF = YES;
				CLANG_WARN_OBJC_LITERAL_CONVERSION = YES;
				CLANG_WARN_OBJC_ROOT_CLASS = YES_ERROR;
				CLANG_WARN_QUOTED_INCLUDE_IN_FRAMEWORK_HEADER = YES;
				CLANG_WARN_RANGE_LOOP_ANALYSIS = YES;
				CLANG_WARN_STRICT_PROTOTYPES = YES;
				CLANG_WARN_SUSPICIOUS_MOVE = YES;
				CLANG_WARN_UNGUARDED_AVAILABILITY = YES_AGGRESSIVE;
				CLANG_WARN_UNREACHABLE_CODE = YES;
				CLANG_WARN__DUPLICATE_METHOD_MATCH = YES;
				COPY_PHASE_STRIP = NO;
				DEBUG_INFORMATION_FORMAT = "dwarf-with-dsym";
				ENABLE_NS_ASSERTIONS = NO;
				ENABLE_STRICT_OBJC_MSGSEND = YES;
				ENABLE_USER_SCRIPT_SANDBOXING = YES;
				GCC_C_LANGUAGE_STANDARD = gnu17;
				GCC_NO_COMMON_BLOCKS = YES;
				GCC_WARN_64_TO_32_BIT_CONVERSION = YES;
				GCC_WARN_ABOUT_RETURN_TYPE = YES_ERROR;
				GCC_WARN_UNDECLARED_SELECTOR = YES;
				GCC_WARN_UNINITIALIZED_AUTOS = YES_AGGRESSIVE;
				GCC_WARN_UNUSED_FUNCTION = YES;
				GCC_WARN_UNUSED_VARIABLE = YES;
				IPHONEOS_DEPLOYMENT_TARGET = 18.2;
				LOCALIZATION_PREFERS_STRING_CATALOGS = YES;
				MTL_ENABLE_DEBUG_INFO = NO;
				MTL_FAST_MATH = YES;
				SDKROOT = iphoneos;
				SWIFT_COMPILATION_MODE = wholemodule;
				VALIDATE_PRODUCT = YES;
			};
			name = Release;
		};
		EFBE00B92D9BADA500F41BC0 /* Debug */ = {
			isa = XCBuildConfiguration;
			buildSettings = {
				ASSETCATALOG_COMPILER_APPICON_NAME = AppIcon;
				ASSETCATALOG_COMPILER_GLOBAL_ACCENT_COLOR_NAME = AccentColor;
				CODE_SIGN_STYLE = Automatic;
				CURRENT_PROJECT_VERSION = 1;
				DEVELOPMENT_ASSET_PATHS = "\"NearMe/Preview Content\"";
				DEVELOPMENT_TEAM = T9MD4URZFH;
				ENABLE_PREVIEWS = YES;
				GENERATE_INFOPLIST_FILE = YES;
				INFOPLIST_KEY_NSLocationWhenInUseUsageDescription = "NearMe would like to know your location";
				INFOPLIST_KEY_UIApplicationSceneManifest_Generation = YES;
				INFOPLIST_KEY_UIApplicationSupportsIndirectInputEvents = YES;
				INFOPLIST_KEY_UILaunchScreen_Generation = YES;
				INFOPLIST_KEY_UISupportedInterfaceOrientations_iPad = "UIInterfaceOrientationPortrait UIInterfaceOrientationPortraitUpsideDown UIInterfaceOrientationLandscapeLeft UIInterfaceOrientationLandscapeRight";
				INFOPLIST_KEY_UISupportedInterfaceOrientations_iPhone = "UIInterfaceOrientationPortrait UIInterfaceOrientationLandscapeLeft UIInterfaceOrientationLandscapeRight";
				LD_RUNPATH_SEARCH_PATHS = (
					"$(inherited)",
					"@executable_path/Frameworks",
				);
				MARKETING_VERSION = 1.0;
				PRODUCT_BUNDLE_IDENTIFIER = com.superkookai.NearMe;
				PRODUCT_NAME = "$(TARGET_NAME)";
				SWIFT_EMIT_LOC_STRINGS = YES;
				SWIFT_VERSION = 5.0;
				TARGETED_DEVICE_FAMILY = "1,2";
			};
			name = Debug;
		};
		EFBE00BA2D9BADA500F41BC0 /* Release */ = {
			isa = XCBuildConfiguration;
			buildSettings = {
				ASSETCATALOG_COMPILER_APPICON_NAME = AppIcon;
				ASSETCATALOG_COMPILER_GLOBAL_ACCENT_COLOR_NAME = AccentColor;
				CODE_SIGN_STYLE = Automatic;
				CURRENT_PROJECT_VERSION = 1;
				DEVELOPMENT_ASSET_PATHS = "\"NearMe/Preview Content\"";
				DEVELOPMENT_TEAM = T9MD4URZFH;
				ENABLE_PREVIEWS = YES;
				GENERATE_INFOPLIST_FILE = YES;
				INFOPLIST_KEY_NSLocationWhenInUseUsageDescription = "NearMe would like to know your location";
				INFOPLIST_KEY_UIApplicationSceneManifest_Generation = YES;
				INFOPLIST_KEY_UIApplicationSupportsIndirectInputEvents = YES;
				INFOPLIST_KEY_UILaunchScreen_Generation = YES;
				INFOPLIST_KEY_UISupportedInterfaceOrientations_iPad = "UIInterfaceOrientationPortrait UIInterfaceOrientationPortraitUpsideDown UIInterfaceOrientationLandscapeLeft UIInterfaceOrientationLandscapeRight";
				INFOPLIST_KEY_UISupportedInterfaceOrientations_iPhone = "UIInterfaceOrientationPortrait UIInterfaceOrientationLandscapeLeft UIInterfaceOrientationLandscapeRight";
				LD_RUNPATH_SEARCH_PATHS = (
					"$(inherited)",
					"@executable_path/Frameworks",
				);
				MARKETING_VERSION = 1.0;
				PRODUCT_BUNDLE_IDENTIFIER = com.superkookai.NearMe;
				PRODUCT_NAME = "$(TARGET_NAME)";
				SWIFT_EMIT_LOC_STRINGS = YES;
				SWIFT_VERSION = 5.0;
				TARGETED_DEVICE_FAMILY = "1,2";
			};
			name = Release;
		};
/* End XCBuildConfiguration section */

/* Begin XCConfigurationList section */
		EFBE00A52D9BADA400F41BC0 /* Build configuration list for PBXProject "NearMe" */ = {
			isa = XCConfigurationList;
			buildConfigurations = (
				EFBE00B62D9BADA500F41BC0 /* Debug */,
				EFBE00B72D9BADA500F41BC0 /* Release */,
			);
			defaultConfigurationIsVisible = 0;
			defaultConfigurationName = Release;
		};
		EFBE00B82D9BADA500F41BC0 /* Build configuration list for PBXNativeTarget "NearMe" */ = {
			isa = XCConfigurationList;
			buildConfigurations = (
				EFBE00B92D9BADA500F41BC0 /* Debug */,
				EFBE00BA2D9BADA500F41BC0 /* Release */,
			);
			defaultConfigurationIsVisible = 0;
			defaultConfigurationName = Release;
		};
/* End XCConfigurationList section */
	};
	rootObject = EFBE00A22D9BADA400F41BC0 /* Project object */;
}
